PODS:
  - Flutter (1.0.0)
  - wifi (0.0.1):
    - Flutter

DEPENDENCIES:
  - Flutter (from `.symlinks/flutter/ios`)
  - wifi (from `.symlinks/plugins/wifi/ios`)

EXTERNAL SOURCES:
  Flutter:
    :path: ".symlinks/flutter/ios"
  wifi:
    :path: ".symlinks/plugins/wifi/ios"

SPEC CHECKSUMS:
  Flutter: 0e3d915762c693b495b44d77113d4970485de6ec
  wifi: d7d77c94109e36c4175d845f0a5964eadba71060

PODFILE CHECKSUM: aff02bfeed411c636180d6812254b2daeea14d09

COCOAPODS: 1.10.1
